
Microsoft Visual Studio Solution File, Format Version 12.00
# Visual Studio Version 17
VisualStudioVersion = 17.0.31903.59
MinimumVisualStudioVersion = 10.0.40219.1
Project("{2150E333-8FDC-42A3-9474-1A3956D46DE8}") = "src", "src", "{2902A6DB-E8BF-4A95-9787-15BAA1AF06F9}"
EndProject
Project("{9A19103F-16F7-4668-BE54-9A1E7A4F7556}") = "PetFamily.Domain", "src\PetFamily.Domain\PetFamily.Domain.csproj", "{C4D48B13-34FE-4930-8287-C1106D6B66D0}"
EndProject
Project("{9A19103F-16F7-4668-BE54-9A1E7A4F7556}") = "PetFamily.Application", "src\PetFamily.Application\PetFamily.Application.csproj", "{E143D39C-B781-4363-93E7-F4F27C2BC764}"
EndProject
Project("{9A19103F-16F7-4668-BE54-9A1E7A4F7556}") = "PetFamily.Infrastructure", "src\PetFamily.Infrastructure\PetFamily.Infrastructure.csproj", "{59B61C10-9EAA-46FF-B930-BBBF3189B495}"
EndProject
Project("{9A19103F-16F7-4668-BE54-9A1E7A4F7556}") = "PetFamily.Api", "src\PetFamily.Api\PetFamily.Api.csproj", "{F2D4CBA6-F570-49B6-B2DF-D5E249146C6B}"
EndProject
Project("{E53339B2-1760-4266-BCC7-CA923CBCF16C}") = "docker-compose", "docker-compose.dcproj", "{78019511-0AC8-44FF-B7E0-BF6D554C55C5}"
EndProject
Global
	GlobalSection(SolutionConfigurationPlatforms) = preSolution
		Debug|Any CPU = Debug|Any CPU
		Release|Any CPU = Release|Any CPU
	EndGlobalSection
	GlobalSection(ProjectConfigurationPlatforms) = postSolution
		{C4D48B13-34FE-4930-8287-C1106D6B66D0}.Debug|Any CPU.ActiveCfg = Debug|Any CPU
		{C4D48B13-34FE-4930-8287-C1106D6B66D0}.Debug|Any CPU.Build.0 = Debug|Any CPU
		{C4D48B13-34FE-4930-8287-C1106D6B66D0}.Release|Any CPU.ActiveCfg = Release|Any CPU
		{C4D48B13-34FE-4930-8287-C1106D6B66D0}.Release|Any CPU.Build.0 = Release|Any CPU
		{E143D39C-B781-4363-93E7-F4F27C2BC764}.Debug|Any CPU.ActiveCfg = Debug|Any CPU
		{E143D39C-B781-4363-93E7-F4F27C2BC764}.Debug|Any CPU.Build.0 = Debug|Any CPU
		{E143D39C-B781-4363-93E7-F4F27C2BC764}.Release|Any CPU.ActiveCfg = Release|Any CPU
		{E143D39C-B781-4363-93E7-F4F27C2BC764}.Release|Any CPU.Build.0 = Release|Any CPU
		{59B61C10-9EAA-46FF-B930-BBBF3189B495}.Debug|Any CPU.ActiveCfg = Debug|Any CPU
		{59B61C10-9EAA-46FF-B930-BBBF3189B495}.Debug|Any CPU.Build.0 = Debug|Any CPU
		{59B61C10-9EAA-46FF-B930-BBBF3189B495}.Release|Any CPU.ActiveCfg = Release|Any CPU
		{59B61C10-9EAA-46FF-B930-BBBF3189B495}.Release|Any CPU.Build.0 = Release|Any CPU
		{F2D4CBA6-F570-49B6-B2DF-D5E249146C6B}.Debug|Any CPU.ActiveCfg = Debug|Any CPU
		{F2D4CBA6-F570-49B6-B2DF-D5E249146C6B}.Debug|Any CPU.Build.0 = Debug|Any CPU
		{F2D4CBA6-F570-49B6-B2DF-D5E249146C6B}.Release|Any CPU.ActiveCfg = Release|Any CPU
		{F2D4CBA6-F570-49B6-B2DF-D5E249146C6B}.Release|Any CPU.Build.0 = Release|Any CPU
		{78019511-0AC8-44FF-B7E0-BF6D554C55C5}.Debug|Any CPU.ActiveCfg = Debug|Any CPU
		{78019511-0AC8-44FF-B7E0-BF6D554C55C5}.Debug|Any CPU.Build.0 = Debug|Any CPU
		{78019511-0AC8-44FF-B7E0-BF6D554C55C5}.Release|Any CPU.ActiveCfg = Release|Any CPU
		{78019511-0AC8-44FF-B7E0-BF6D554C55C5}.Release|Any CPU.Build.0 = Release|Any CPU
	EndGlobalSection
	GlobalSection(SolutionProperties) = preSolution
		HideSolutionNode = FALSE
	EndGlobalSection
	GlobalSection(NestedProjects) = preSolution
		{C4D48B13-34FE-4930-8287-C1106D6B66D0} = {2902A6DB-E8BF-4A95-9787-15BAA1AF06F9}
		{E143D39C-B781-4363-93E7-F4F27C2BC764} = {2902A6DB-E8BF-4A95-9787-15BAA1AF06F9}
		{59B61C10-9EAA-46FF-B930-BBBF3189B495} = {2902A6DB-E8BF-4A95-9787-15BAA1AF06F9}
		{F2D4CBA6-F570-49B6-B2DF-D5E249146C6B} = {2902A6DB-E8BF-4A95-9787-15BAA1AF06F9}
	EndGlobalSection
	GlobalSection(ExtensibilityGlobals) = postSolution
		SolutionGuid = {072B1D8C-73D3-41A2-92AD-CFAE5074A9A9}
	EndGlobalSection
EndGlobal
